
Microsoft Visual Studio Solution File, Format Version 12.00
# Visual Studio Version 17
VisualStudioVersion = 17.2.32630.192
MinimumVisualStudioVersion = 10.0.40219.1
Project("{F184B08F-C81C-45F6-A57F-5ABD9991F28F}") = "Credit Card", "Credit Card\Credit Card.vbproj", "{7CE88DF6-8AED-43AC-8D12-3106E801B487}"
EndProject
Global
	GlobalSection(SolutionConfigurationPlatforms) = preSolution
		Debug|Any CPU = Debug|Any CPU
		Release|Any CPU = Release|Any CPU
	EndGlobalSection
	GlobalSection(ProjectConfigurationPlatforms) = postSolution
		{7CE88DF6-8AED-43AC-8D12-3106E801B487}.Debug|Any CPU.ActiveCfg = Debug|Any CPU
		{7CE88DF6-8AED-43AC-8D12-3106E801B487}.Debug|Any CPU.Build.0 = Debug|Any CPU
		{7CE88DF6-8AED-43AC-8D12-3106E801B487}.Release|Any CPU.ActiveCfg = Release|Any CPU
		{7CE88DF6-8AED-43AC-8D12-3106E801B487}.Release|Any CPU.Build.0 = Release|Any CPU
	EndGlobalSection
	GlobalSection(SolutionProperties) = preSolution
		HideSolutionNode = FALSE
	EndGlobalSection
	GlobalSection(ExtensibilityGlobals) = postSolution
		SolutionGuid = {79268557-2EDB-4569-AFFD-C5F0DFE0A206}
	EndGlobalSection
EndGlobal
